<?xml version="1.0" encoding="utf-8"?>
<Project ToolsVersion="4.0" xmlns="http://schemas.microsoft.com/developer/msbuild/2003">
  <ItemGroup>
    <Filter Include="P_1장">
      <UniqueIdentifier>{a5c56436-8eab-4794-9ace-c426dc7e04b2}</UniqueIdentifier>
    </Filter>
    <Filter Include="P_2장">
      <UniqueIdentifier>{58202f9d-5dcd-4f00-8a9f-5a7841b77c65}</UniqueIdentifier>
    </Filter>
    <Filter Include="P_3장">
      <UniqueIdentifier>{56bbe13f-afc9-4331-b19b-8d5df18bb748}</UniqueIdentifier>
    </Filter>
    <Filter Include="P_4장">
      <UniqueIdentifier>{edab491a-e50b-44fb-9c87-a1c463f6a088}</UniqueIdentifier>
    </Filter>
  </ItemGroup>
  <ItemGroup>
    <ClCompile Include="P_1장\Hello.c">
      <Filter>P_1장</Filter>
    </ClCompile>
    <ClCompile Include="P_2장\PrintfScanf2_1.c">
      <Filter>P_2장</Filter>
    </ClCompile>
    <ClCompile Include="P_2장\realNumber2_2.c">
      <Filter>P_2장</Filter>
    </ClCompile>
    <ClCompile Include="P_2장\quiz_01.c">
      <Filter>P_2장</Filter>
    </ClCompile>
    <ClCompile Include="P_2장\constantNumber2_3.c">
      <Filter>P_2장</Filter>
    </ClCompile>
    <ClCompile Include="P_2장\printf2_4.c">
      <Filter>P_2장</Filter>
    </ClCompile>
    <ClCompile Include="P_2장\scanf2_5.c">
      <Filter>P_2장</Filter>
    </ClCompile>
    <ClCompile Include="P_2장\Project_경찰조서쓰기2_6.c">
      <Filter>P_2장</Filter>
    </ClCompile>
    <ClCompile Include="P_2장\selfcheck_회원가입쇼핑몰.c">
      <Filter>P_2장</Filter>
    </ClCompile>
    <ClCompile Include="P_3장\plusplus3_2.c">
      <Filter>P_3장</Filter>
    </ClCompile>
    <ClCompile Include="P_3장\quiz_03.c">
      <Filter>P_3장</Filter>
    </ClCompile>
    <ClCompile Include="P_3장\Repeated3_3.c">
      <Filter>P_3장</Filter>
    </ClCompile>
    <ClCompile Include="P_3장\MultiplicationTable3_4_1.c">
      <Filter>P_3장</Filter>
    </ClCompile>
    <ClCompile Include="P_3장\star3_4_2.c">
      <Filter>P_3장</Filter>
    </ClCompile>
    <ClCompile Include="P_3장\star3_4_3.c">
      <Filter>P_3장</Filter>
    </ClCompile>
    <ClCompile Include="P_3장\quiz_04.c">
      <Filter>P_3장</Filter>
    </ClCompile>
    <ClCompile Include="P_3장\Project_피라미드 쌓기3_5.c">
      <Filter>P_3장</Filter>
    </ClCompile>
    <ClCompile Include="P_2장\quiz_02.c">
      <Filter>P_2장</Filter>
    </ClCompile>
    <ClCompile Include="P_3장\selfcheck_별표 찍기.c">
      <Filter>P_3장</Filter>
    </ClCompile>
    <ClCompile Include="P_4장\conditionalBranching4_2.c">
      <Filter>P_4장</Filter>
    </ClCompile>
    <ClCompile Include="P_4장\quiz_05.c">
      <Filter>P_4장</Filter>
    </ClCompile>
    <ClCompile Include="P_4장\AbortingExecution4_3.c">
      <Filter>P_4장</Filter>
    </ClCompile>
    <ClCompile Include="P_4장\quiz_06.c">
      <Filter>P_4장</Filter>
    </ClCompile>
  </ItemGroup>
</Project>