
Microsoft Visual Studio Solution File, Format Version 12.00
# Visual Studio 15
VisualStudioVersion = 15.0.28307.2017
MinimumVisualStudioVersion = 10.0.40219.1
Project("{8BC9CEB8-8B4A-11D0-8D11-00A0C91BC942}") = "main", "main\main.vcxproj", "{EDCDB04D-B1F0-426B-AD0A-A7395CD01C6E}"
EndProject
Global
	GlobalSection(SolutionConfigurationPlatforms) = preSolution
		Debug|x64 = Debug|x64
		Debug|x86 = Debug|x86
		Release|x64 = Release|x64
		Release|x86 = Release|x86
	EndGlobalSection
	GlobalSection(ProjectConfigurationPlatforms) = postSolution
		{EDCDB04D-B1F0-426B-AD0A-A7395CD01C6E}.Debug|x64.ActiveCfg = Debug|x64
		{EDCDB04D-B1F0-426B-AD0A-A7395CD01C6E}.Debug|x64.Build.0 = Debug|x64
		{EDCDB04D-B1F0-426B-AD0A-A7395CD01C6E}.Debug|x86.ActiveCfg = Debug|Win32
		{EDCDB04D-B1F0-426B-AD0A-A7395CD01C6E}.Debug|x86.Build.0 = Debug|Win32
		{EDCDB04D-B1F0-426B-AD0A-A7395CD01C6E}.Release|x64.ActiveCfg = Release|x64
		{EDCDB04D-B1F0-426B-AD0A-A7395CD01C6E}.Release|x64.Build.0 = Release|x64
		{EDCDB04D-B1F0-426B-AD0A-A7395CD01C6E}.Release|x86.ActiveCfg = Release|Win32
		{EDCDB04D-B1F0-426B-AD0A-A7395CD01C6E}.Release|x86.Build.0 = Release|Win32
	EndGlobalSection
	GlobalSection(SolutionProperties) = preSolution
		HideSolutionNode = FALSE
	EndGlobalSection
	GlobalSection(ExtensibilityGlobals) = postSolution
		SolutionGuid = {18EE11FD-54BB-4643-94DA-F2C560C5753B}
	EndGlobalSection
EndGlobal
