
Microsoft Visual Studio Solution File, Format Version 12.00
# Visual Studio 15
VisualStudioVersion = 15.0.28307.1778
MinimumVisualStudioVersion = 10.0.40219.1
Project("{8BC9CEB8-8B4A-11D0-8D11-00A0C91BC942}") = "Arrange", "Arrange\Arrange.vcxproj", "{F28F5A66-E87B-42D2-8F9B-E0A89D55B4F5}"
EndProject
Global
	GlobalSection(SolutionConfigurationPlatforms) = preSolution
		Debug|x64 = Debug|x64
		Debug|x86 = Debug|x86
		Release|x64 = Release|x64
		Release|x86 = Release|x86
	EndGlobalSection
	GlobalSection(ProjectConfigurationPlatforms) = postSolution
		{F28F5A66-E87B-42D2-8F9B-E0A89D55B4F5}.Debug|x64.ActiveCfg = Debug|x64
		{F28F5A66-E87B-42D2-8F9B-E0A89D55B4F5}.Debug|x64.Build.0 = Debug|x64
		{F28F5A66-E87B-42D2-8F9B-E0A89D55B4F5}.Debug|x86.ActiveCfg = Debug|Win32
		{F28F5A66-E87B-42D2-8F9B-E0A89D55B4F5}.Debug|x86.Build.0 = Debug|Win32
		{F28F5A66-E87B-42D2-8F9B-E0A89D55B4F5}.Release|x64.ActiveCfg = Release|x64
		{F28F5A66-E87B-42D2-8F9B-E0A89D55B4F5}.Release|x64.Build.0 = Release|x64
		{F28F5A66-E87B-42D2-8F9B-E0A89D55B4F5}.Release|x86.ActiveCfg = Release|Win32
		{F28F5A66-E87B-42D2-8F9B-E0A89D55B4F5}.Release|x86.Build.0 = Release|Win32
	EndGlobalSection
	GlobalSection(SolutionProperties) = preSolution
		HideSolutionNode = FALSE
	EndGlobalSection
	GlobalSection(ExtensibilityGlobals) = postSolution
		SolutionGuid = {2DE143C9-706B-4EFC-8A37-F09505DF22B5}
	EndGlobalSection
EndGlobal
