<?xml version="1.0" encoding="utf-8"?>
<Project ToolsVersion="4.0" xmlns="http://schemas.microsoft.com/developer/msbuild/2003">
  <ItemGroup>
    <Filter Include="P_01_C와는 다른CPP">
      <UniqueIdentifier>{38b2ed63-c50b-413e-a28e-6f2cb5497f35}</UniqueIdentifier>
    </Filter>
    <Filter Include="PCH">
      <UniqueIdentifier>{2c266fc5-6ca8-4a1e-b43e-b7c5bb949c63}</UniqueIdentifier>
    </Filter>
    <Filter Include="P_02_CPP함수와 네임스페이스">
      <UniqueIdentifier>{71d8a5d1-8b11-483e-b40e-cc86218e1907}</UniqueIdentifier>
    </Filter>
    <Filter Include="P_03_객체치향프로그래밍">
      <UniqueIdentifier>{58c2186b-0c5d-429a-9ffe-4ff148fe605a}</UniqueIdentifier>
    </Filter>
  </ItemGroup>
  <ItemGroup>
    <ClCompile Include="P_01_C와는 다른CPP\Hellocpp_01.cpp">
      <Filter>P_01_C와는 다른CPP</Filter>
    </ClCompile>
    <ClCompile Include="P_01_C와는 다른CPP\Cout1_3_1.cpp">
      <Filter>P_01_C와는 다른CPP</Filter>
    </ClCompile>
    <ClCompile Include="pch.cpp">
      <Filter>PCH</Filter>
    </ClCompile>
    <ClCompile Include="P_01_C와는 다른CPP\Cin1_3_2.cpp">
      <Filter>P_01_C와는 다른CPP</Filter>
    </ClCompile>
    <ClCompile Include="P_01_C와는 다른CPP\AutoSample1_4_2.cpp">
      <Filter>P_01_C와는 다른CPP</Filter>
    </ClCompile>
    <ClCompile Include="P_01_C와는 다른CPP\DynamicAllocate1_5.cpp">
      <Filter>P_01_C와는 다른CPP</Filter>
    </ClCompile>
    <ClCompile Include="P_01_C와는 다른CPP\Reference1_6.cpp">
      <Filter>P_01_C와는 다른CPP</Filter>
    </ClCompile>
    <ClCompile Include="P_01_C와는 다른CPP\Reference1_6_1.cpp">
      <Filter>P_01_C와는 다른CPP</Filter>
    </ClCompile>
    <ClCompile Include="P_01_C와는 다른CPP\RangeBasedFor1_7.cpp">
      <Filter>P_01_C와는 다른CPP</Filter>
    </ClCompile>
    <ClCompile Include="P_01_C와는 다른CPP\Practice01.cpp">
      <Filter>P_01_C와는 다른CPP</Filter>
    </ClCompile>
    <ClCompile Include="P_01_C와는 다른CPP\Reference_Rvalue1_6_2.cpp">
      <Filter>P_01_C와는 다른CPP</Filter>
    </ClCompile>
    <ClCompile Include="P_01_C와는 다른CPP\Practice02.cpp">
      <Filter>P_01_C와는 다른CPP</Filter>
    </ClCompile>
    <ClCompile Include="P_01_C와는 다른CPP\Practice03.cpp">
      <Filter>P_01_C와는 다른CPP</Filter>
    </ClCompile>
    <ClCompile Include="P_01_C와는 다른CPP\Practice04.cpp">
      <Filter>P_01_C와는 다른CPP</Filter>
    </ClCompile>
    <ClCompile Include="P_01_C와는 다른CPP\Pracice05.cpp">
      <Filter>P_01_C와는 다른CPP</Filter>
    </ClCompile>
    <ClCompile Include="P_01_C와는 다른CPP\Practice06.cpp">
      <Filter>P_01_C와는 다른CPP</Filter>
    </ClCompile>
    <ClCompile Include="P_01_C와는 다른CPP\DefaultParameter2_1_01.cpp">
      <Filter>P_02_CPP함수와 네임스페이스</Filter>
    </ClCompile>
    <ClCompile Include="P_02_CPP함수와 네임스페이스\DefaultParameter2_1_03.cpp">
      <Filter>P_02_CPP함수와 네임스페이스</Filter>
    </ClCompile>
    <ClCompile Include="P_02_CPP함수와 네임스페이스\DefaultParameter2_1_04.cpp">
      <Filter>P_02_CPP함수와 네임스페이스</Filter>
    </ClCompile>
    <ClCompile Include="P_02_CPP함수와 네임스페이스\Overloading2_2_1.cpp">
      <Filter>P_02_CPP함수와 네임스페이스</Filter>
    </ClCompile>
    <ClCompile Include="P_02_CPP함수와 네임스페이스\OverloadingAmbiguity2_2_2.cpp">
      <Filter>P_02_CPP함수와 네임스페이스</Filter>
    </ClCompile>
    <ClCompile Include="P_02_CPP함수와 네임스페이스\FunctionTemplate2_2_3_01.cpp">
      <Filter>P_02_CPP함수와 네임스페이스</Filter>
    </ClCompile>
    <ClCompile Include="P_02_CPP함수와 네임스페이스\DefaultParameter2_1_02.cpp">
      <Filter>P_02_CPP함수와 네임스페이스</Filter>
    </ClCompile>
    <ClCompile Include="P_02_CPP함수와 네임스페이스\FunctionTemplate2_2_3_02.cpp">
      <Filter>P_02_CPP함수와 네임스페이스</Filter>
    </ClCompile>
    <ClCompile Include="P_02_CPP함수와 네임스페이스\InlineFunction2_3.cpp">
      <Filter>P_02_CPP함수와 네임스페이스</Filter>
    </ClCompile>
    <ClCompile Include="P_02_CPP함수와 네임스페이스\Namespace2_4_1_01.cpp">
      <Filter>P_02_CPP함수와 네임스페이스</Filter>
    </ClCompile>
    <ClCompile Include="P_02_CPP함수와 네임스페이스\using2_4_2.cpp">
      <Filter>P_02_CPP함수와 네임스페이스</Filter>
    </ClCompile>
    <ClCompile Include="P_02_CPP함수와 네임스페이스\NSOverlapping2_4_3.cpp">
      <Filter>P_02_CPP함수와 네임스페이스</Filter>
    </ClCompile>
    <ClCompile Include="P_02_CPP함수와 네임스페이스\NamespaceMultiple.cpp">
      <Filter>P_02_CPP함수와 네임스페이스</Filter>
    </ClCompile>
    <ClCompile Include="P_02_CPP함수와 네임스페이스\IdSearchSeq2_5_1.cpp">
      <Filter>P_02_CPP함수와 네임스페이스</Filter>
    </ClCompile>
    <ClCompile Include="P_02_CPP함수와 네임스페이스\IdSearchSeq2_5_2.cpp">
      <Filter>P_02_CPP함수와 네임스페이스</Filter>
    </ClCompile>
    <ClCompile Include="P_02_CPP함수와 네임스페이스\IdSearchSeq2_5_3.cpp">
      <Filter>P_02_CPP함수와 네임스페이스</Filter>
    </ClCompile>
    <ClCompile Include="P_02_CPP함수와 네임스페이스\PraticeCode_2.cpp">
      <Filter>P_02_CPP함수와 네임스페이스</Filter>
    </ClCompile>
    <ClCompile Include="P_03_객체지향프로그래밍\OOP3_1_01.cpp">
      <Filter>P_03_객체치향프로그래밍</Filter>
    </ClCompile>
    <ClCompile Include="P_03_객체지향프로그래밍\HelloOOP1.c">
      <Filter>P_03_객체치향프로그래밍</Filter>
    </ClCompile>
    <ClCompile Include="P_03_객체지향프로그래밍\HelloOOP2.c">
      <Filter>P_03_객체치향프로그래밍</Filter>
    </ClCompile>
    <ClCompile Include="P_03_객체지향프로그래밍\HelloOOP3.c">
      <Filter>P_03_객체치향프로그래밍</Filter>
    </ClCompile>
  </ItemGroup>
  <ItemGroup>
    <ClInclude Include="pch.h">
      <Filter>PCH</Filter>
    </ClInclude>
  </ItemGroup>
  <ItemGroup>
    <Text Include="P_01_C와는 다른CPP\DataType1_4.txt">
      <Filter>P_01_C와는 다른CPP</Filter>
    </Text>
  </ItemGroup>
</Project>