<?xml version="1.0" encoding="utf-8"?>
<Project ToolsVersion="4.0" xmlns="http://schemas.microsoft.com/developer/msbuild/2003">
  <ItemGroup>
    <Filter Include="리소스 파일">
      <UniqueIdentifier>{67DA6AB6-F800-4c08-8B7A-83BB121AAD01}</UniqueIdentifier>
      <Extensions>rc;ico;cur;bmp;dlg;rc2;rct;bin;rgs;gif;jpg;jpeg;jpe;resx;tiff;tif;png;wav;mfcribbon-ms</Extensions>
    </Filter>
    <Filter Include="220224">
      <UniqueIdentifier>{74842ce1-d658-4321-a150-6f8001d7162a}</UniqueIdentifier>
    </Filter>
    <Filter Include="220225">
      <UniqueIdentifier>{d6bb4ce1-a324-4c19-a9cc-15417679f399}</UniqueIdentifier>
    </Filter>
  </ItemGroup>
  <ItemGroup>
    <ClCompile Include="ex01.cpp" />
    <ClCompile Include="ex02_T.cpp" />
    <ClCompile Include="ex03T.cpp" />
    <ClCompile Include="ex04.cpp">
      <Filter>리소스 파일</Filter>
    </ClCompile>
    <ClCompile Include="ex05.cpp">
      <Filter>220224</Filter>
    </ClCompile>
    <ClCompile Include="ex06.cpp">
      <Filter>220224</Filter>
    </ClCompile>
    <ClCompile Include="ex07.cpp">
      <Filter>220224</Filter>
    </ClCompile>
    <ClCompile Include="ex08.cpp">
      <Filter>220225</Filter>
    </ClCompile>
    <ClCompile Include="ex09.cpp">
      <Filter>220225</Filter>
    </ClCompile>
    <ClCompile Include="ex10.cpp">
      <Filter>220225</Filter>
    </ClCompile>
  </ItemGroup>
</Project>