<?xml version="1.0" encoding="utf-8"?>
<Project ToolsVersion="4.0" xmlns="http://schemas.microsoft.com/developer/msbuild/2003">
  <ItemGroup>
    <Filter Include="cppBasicPlus">
      <UniqueIdentifier>{dee7063b-0b99-4a93-b8a2-1e68de910e62}</UniqueIdentifier>
    </Filter>
    <Filter Include="cppBasicPlus\데이터처리">
      <UniqueIdentifier>{f2a4d45f-4e12-47a4-8a2c-b0f55c9e1148}</UniqueIdentifier>
    </Filter>
    <Filter Include="cppMMORPG">
      <UniqueIdentifier>{7930b024-ac10-45a5-a2e4-01bdb9b3258c}</UniqueIdentifier>
    </Filter>
    <Filter Include="cppMMORPG\const와 메모리구조">
      <UniqueIdentifier>{b04f900a-54d7-4b9f-bc2c-fe14b2c00ecb}</UniqueIdentifier>
    </Filter>
    <Filter Include="cppMMORPG\S_유의사항">
      <UniqueIdentifier>{c9677509-7fbc-4b16-b68d-cf1a1e740896}</UniqueIdentifier>
    </Filter>
    <Filter Include="cppMMORPG\S_분기문">
      <UniqueIdentifier>{0b86c92a-9126-4cb7-a8f5-b8b07765b818}</UniqueIdentifier>
    </Filter>
    <Filter Include="cppMMORPG\S_반복문">
      <UniqueIdentifier>{ac956496-5488-41ae-b530-f14df6e4bdbc}</UniqueIdentifier>
    </Filter>
  </ItemGroup>
  <ItemGroup>
    <ClCompile Include="cppBasicPlus\limits.cpp">
      <Filter>cppBasicPlus\데이터처리</Filter>
    </ClCompile>
    <ClCompile Include="cppMMORPG\cppStudy_const와 메모리구조.cpp">
      <Filter>cppMMORPG\const와 메모리구조</Filter>
    </ClCompile>
    <ClCompile Include="Precautions.cpp">
      <Filter>cppMMORPG\S_유의사항</Filter>
    </ClCompile>
    <ClCompile Include="Branching.cpp">
      <Filter>cppMMORPG\S_분기문</Filter>
    </ClCompile>
    <ClCompile Include="exceed.cpp">
      <Filter>cppBasicPlus\데이터처리</Filter>
    </ClCompile>
    <ClCompile Include="hexoct1.cpp">
      <Filter>cppBasicPlus\데이터처리</Filter>
    </ClCompile>
    <ClCompile Include="Hexoct2.cpp">
      <Filter>cppBasicPlus\데이터처리</Filter>
    </ClCompile>
    <ClCompile Include="iteration_반복문.cpp">
      <Filter>cppMMORPG\S_반복문</Filter>
    </ClCompile>
  </ItemGroup>
  <ItemGroup>
    <Text Include="constWithmemory.txt">
      <Filter>cppMMORPG\const와 메모리구조</Filter>
    </Text>
    <Text Include="Precaution.txt">
      <Filter>cppMMORPG\S_유의사항</Filter>
    </Text>
    <Text Include="분기문.txt">
      <Filter>cppMMORPG\S_분기문</Filter>
    </Text>
    <Text Include="iteration_반복문.txt">
      <Filter>cppMMORPG\S_반복문</Filter>
    </Text>
  </ItemGroup>
</Project>