
Microsoft Visual Studio Solution File, Format Version 12.00
# Visual Studio Version 17
VisualStudioVersion = 17.8.34330.188
MinimumVisualStudioVersion = 10.0.40219.1
Project("{8BC9CEB8-8B4A-11D0-8D11-00A0C91BC942}") = "Doodle_Ccpp", "Doodle_Ccpp\Doodle_Ccpp.vcxproj", "{06EAD89E-BBA8-4F1A-950D-B33531E4838B}"
EndProject
Global
	GlobalSection(SolutionConfigurationPlatforms) = preSolution
		Debug|x64 = Debug|x64
		Debug|x86 = Debug|x86
		Release|x64 = Release|x64
		Release|x86 = Release|x86
	EndGlobalSection
	GlobalSection(ProjectConfigurationPlatforms) = postSolution
		{06EAD89E-BBA8-4F1A-950D-B33531E4838B}.Debug|x64.ActiveCfg = Debug|x64
		{06EAD89E-BBA8-4F1A-950D-B33531E4838B}.Debug|x64.Build.0 = Debug|x64
		{06EAD89E-BBA8-4F1A-950D-B33531E4838B}.Debug|x86.ActiveCfg = Debug|Win32
		{06EAD89E-BBA8-4F1A-950D-B33531E4838B}.Debug|x86.Build.0 = Debug|Win32
		{06EAD89E-BBA8-4F1A-950D-B33531E4838B}.Release|x64.ActiveCfg = Release|x64
		{06EAD89E-BBA8-4F1A-950D-B33531E4838B}.Release|x64.Build.0 = Release|x64
		{06EAD89E-BBA8-4F1A-950D-B33531E4838B}.Release|x86.ActiveCfg = Release|Win32
		{06EAD89E-BBA8-4F1A-950D-B33531E4838B}.Release|x86.Build.0 = Release|Win32
	EndGlobalSection
	GlobalSection(SolutionProperties) = preSolution
		HideSolutionNode = FALSE
	EndGlobalSection
	GlobalSection(ExtensibilityGlobals) = postSolution
		SolutionGuid = {F9D74409-B488-4EAB-B189-8A0FD28A4AF1}
	EndGlobalSection
EndGlobal
