
Microsoft Visual Studio Solution File, Format Version 12.00
# Visual Studio 15
VisualStudioVersion = 15.0.28307.1778
MinimumVisualStudioVersion = 10.0.40219.1
Project("{8BC9CEB8-8B4A-11D0-8D11-00A0C91BC942}") = "Variable_04", "Variable_04\Variable_04.vcxproj", "{98773663-3DFC-4DA9-96FA-4DEDD0D3E7B1}"
EndProject
Global
	GlobalSection(SolutionConfigurationPlatforms) = preSolution
		Debug|x64 = Debug|x64
		Debug|x86 = Debug|x86
		Release|x64 = Release|x64
		Release|x86 = Release|x86
	EndGlobalSection
	GlobalSection(ProjectConfigurationPlatforms) = postSolution
		{98773663-3DFC-4DA9-96FA-4DEDD0D3E7B1}.Debug|x64.ActiveCfg = Debug|x64
		{98773663-3DFC-4DA9-96FA-4DEDD0D3E7B1}.Debug|x64.Build.0 = Debug|x64
		{98773663-3DFC-4DA9-96FA-4DEDD0D3E7B1}.Debug|x86.ActiveCfg = Debug|Win32
		{98773663-3DFC-4DA9-96FA-4DEDD0D3E7B1}.Debug|x86.Build.0 = Debug|Win32
		{98773663-3DFC-4DA9-96FA-4DEDD0D3E7B1}.Release|x64.ActiveCfg = Release|x64
		{98773663-3DFC-4DA9-96FA-4DEDD0D3E7B1}.Release|x64.Build.0 = Release|x64
		{98773663-3DFC-4DA9-96FA-4DEDD0D3E7B1}.Release|x86.ActiveCfg = Release|Win32
		{98773663-3DFC-4DA9-96FA-4DEDD0D3E7B1}.Release|x86.Build.0 = Release|Win32
	EndGlobalSection
	GlobalSection(SolutionProperties) = preSolution
		HideSolutionNode = FALSE
	EndGlobalSection
	GlobalSection(ExtensibilityGlobals) = postSolution
		SolutionGuid = {8D642395-8891-4C8C-9C71-5FAAA52AF214}
	EndGlobalSection
EndGlobal
